
Microsoft Visual Studio Solution File, Format Version 12.00
# Visual Studio Version 17
VisualStudioVersion = 17.9.34728.123
MinimumVisualStudioVersion = 10.0.40219.1
Project("{9A19103F-16F7-4668-BE54-9A1E7A4F7556}") = "SSMS.API", "SSMS.API\SSMS.API.csproj", "{F706F1D0-2622-48A2-8C78-F07FF3DBFFFC}"
EndProject
Project("{9A19103F-16F7-4668-BE54-9A1E7A4F7556}") = "SSMS.Application", "SSMS.Application\SSMS.Application.csproj", "{F54270BA-2758-4149-BDF3-112197E91F79}"
EndProject
Project("{9A19103F-16F7-4668-BE54-9A1E7A4F7556}") = "SSMS.Domain", "SSMS.Domain\SSMS.Domain.csproj", "{F35B0DF1-8F4A-4CA3-9262-2A258B300BA7}"
EndProject
Project("{9A19103F-16F7-4668-BE54-9A1E7A4F7556}") = "SSMS.Infrustructure", "SSMS.Infrustructure\SSMS.Infrustructure.csproj", "{F1874614-D55E-4FD2-8C6E-F949D1AEB430}"
EndProject
Project("{9A19103F-16F7-4668-BE54-9A1E7A4F7556}") = "SSMS.Persistence", "SSMS.Persistence\SSMS.Persistence.csproj", "{E5C4C9FC-BF4B-441E-B7B3-66026E5BDD6A}"
EndProject
Global
	GlobalSection(SolutionConfigurationPlatforms) = preSolution
		Debug|Any CPU = Debug|Any CPU
		Release|Any CPU = Release|Any CPU
	EndGlobalSection
	GlobalSection(ProjectConfigurationPlatforms) = postSolution
		{F706F1D0-2622-48A2-8C78-F07FF3DBFFFC}.Debug|Any CPU.ActiveCfg = Debug|Any CPU
		{F706F1D0-2622-48A2-8C78-F07FF3DBFFFC}.Debug|Any CPU.Build.0 = Debug|Any CPU
		{F706F1D0-2622-48A2-8C78-F07FF3DBFFFC}.Release|Any CPU.ActiveCfg = Release|Any CPU
		{F706F1D0-2622-48A2-8C78-F07FF3DBFFFC}.Release|Any CPU.Build.0 = Release|Any CPU
		{F54270BA-2758-4149-BDF3-112197E91F79}.Debug|Any CPU.ActiveCfg = Debug|Any CPU
		{F54270BA-2758-4149-BDF3-112197E91F79}.Debug|Any CPU.Build.0 = Debug|Any CPU
		{F54270BA-2758-4149-BDF3-112197E91F79}.Release|Any CPU.ActiveCfg = Release|Any CPU
		{F54270BA-2758-4149-BDF3-112197E91F79}.Release|Any CPU.Build.0 = Release|Any CPU
		{F35B0DF1-8F4A-4CA3-9262-2A258B300BA7}.Debug|Any CPU.ActiveCfg = Debug|Any CPU
		{F35B0DF1-8F4A-4CA3-9262-2A258B300BA7}.Debug|Any CPU.Build.0 = Debug|Any CPU
		{F35B0DF1-8F4A-4CA3-9262-2A258B300BA7}.Release|Any CPU.ActiveCfg = Release|Any CPU
		{F35B0DF1-8F4A-4CA3-9262-2A258B300BA7}.Release|Any CPU.Build.0 = Release|Any CPU
		{F1874614-D55E-4FD2-8C6E-F949D1AEB430}.Debug|Any CPU.ActiveCfg = Debug|Any CPU
		{F1874614-D55E-4FD2-8C6E-F949D1AEB430}.Debug|Any CPU.Build.0 = Debug|Any CPU
		{F1874614-D55E-4FD2-8C6E-F949D1AEB430}.Release|Any CPU.ActiveCfg = Release|Any CPU
		{F1874614-D55E-4FD2-8C6E-F949D1AEB430}.Release|Any CPU.Build.0 = Release|Any CPU
		{E5C4C9FC-BF4B-441E-B7B3-66026E5BDD6A}.Debug|Any CPU.ActiveCfg = Debug|Any CPU
		{E5C4C9FC-BF4B-441E-B7B3-66026E5BDD6A}.Debug|Any CPU.Build.0 = Debug|Any CPU
		{E5C4C9FC-BF4B-441E-B7B3-66026E5BDD6A}.Release|Any CPU.ActiveCfg = Release|Any CPU
		{E5C4C9FC-BF4B-441E-B7B3-66026E5BDD6A}.Release|Any CPU.Build.0 = Release|Any CPU
	EndGlobalSection
	GlobalSection(SolutionProperties) = preSolution
		HideSolutionNode = FALSE
	EndGlobalSection
	GlobalSection(ExtensibilityGlobals) = postSolution
		SolutionGuid = {68FF93FC-7F24-4B52-879C-17DCD1FB479D}
	EndGlobalSection
EndGlobal
